
Microsoft Visual Studio Solution File, Format Version 12.00
# Visual Studio Version 16
VisualStudioVersion = 16.0.31424.327
MinimumVisualStudioVersion = 10.0.40219.1
Project("{FAE04EC0-301F-11D3-BF4B-00C04F79EFBC}") = "Rectangle", "Rectangle\Rectangle.csproj", "{174DD622-22B2-4B9B-8923-0AE6E69725A8}"
EndProject
Global
	GlobalSection(SolutionConfigurationPlatforms) = preSolution
		Debug|Any CPU = Debug|Any CPU
		Release|Any CPU = Release|Any CPU
	EndGlobalSection
	GlobalSection(ProjectConfigurationPlatforms) = postSolution
		{174DD622-22B2-4B9B-8923-0AE6E69725A8}.Debug|Any CPU.ActiveCfg = Debug|Any CPU
		{174DD622-22B2-4B9B-8923-0AE6E69725A8}.Debug|Any CPU.Build.0 = Debug|Any CPU
		{174DD622-22B2-4B9B-8923-0AE6E69725A8}.Release|Any CPU.ActiveCfg = Release|Any CPU
		{174DD622-22B2-4B9B-8923-0AE6E69725A8}.Release|Any CPU.Build.0 = Release|Any CPU
	EndGlobalSection
	GlobalSection(SolutionProperties) = preSolution
		HideSolutionNode = FALSE
	EndGlobalSection
	GlobalSection(ExtensibilityGlobals) = postSolution
		SolutionGuid = {941EF9FD-3E96-422A-A82B-B52FE4494C2D}
	EndGlobalSection
EndGlobal
