
Microsoft Visual Studio Solution File, Format Version 12.00
# Visual Studio Version 16
VisualStudioVersion = 16.0.31424.327
MinimumVisualStudioVersion = 10.0.40219.1
Project("{FAE04EC0-301F-11D3-BF4B-00C04F79EFBC}") = "Property", "Property\Property.csproj", "{70200F5F-9D85-4185-9121-95FE93D6FF25}"
EndProject
Global
	GlobalSection(SolutionConfigurationPlatforms) = preSolution
		Debug|Any CPU = Debug|Any CPU
		Release|Any CPU = Release|Any CPU
	EndGlobalSection
	GlobalSection(ProjectConfigurationPlatforms) = postSolution
		{70200F5F-9D85-4185-9121-95FE93D6FF25}.Debug|Any CPU.ActiveCfg = Debug|Any CPU
		{70200F5F-9D85-4185-9121-95FE93D6FF25}.Debug|Any CPU.Build.0 = Debug|Any CPU
		{70200F5F-9D85-4185-9121-95FE93D6FF25}.Release|Any CPU.ActiveCfg = Release|Any CPU
		{70200F5F-9D85-4185-9121-95FE93D6FF25}.Release|Any CPU.Build.0 = Release|Any CPU
	EndGlobalSection
	GlobalSection(SolutionProperties) = preSolution
		HideSolutionNode = FALSE
	EndGlobalSection
	GlobalSection(ExtensibilityGlobals) = postSolution
		SolutionGuid = {3259DA56-3895-43A8-95A9-41138B4CBC27}
	EndGlobalSection
EndGlobal
