
Microsoft Visual Studio Solution File, Format Version 12.00
# Visual Studio Version 16
VisualStudioVersion = 16.0.31424.327
MinimumVisualStudioVersion = 10.0.40219.1
Project("{FAE04EC0-301F-11D3-BF4B-00C04F79EFBC}") = "FileIO", "FileIO\FileIO.csproj", "{D63DE078-6DB3-4467-B18E-E84D5E201555}"
EndProject
Global
	GlobalSection(SolutionConfigurationPlatforms) = preSolution
		Debug|Any CPU = Debug|Any CPU
		Release|Any CPU = Release|Any CPU
	EndGlobalSection
	GlobalSection(ProjectConfigurationPlatforms) = postSolution
		{D63DE078-6DB3-4467-B18E-E84D5E201555}.Debug|Any CPU.ActiveCfg = Debug|Any CPU
		{D63DE078-6DB3-4467-B18E-E84D5E201555}.Debug|Any CPU.Build.0 = Debug|Any CPU
		{D63DE078-6DB3-4467-B18E-E84D5E201555}.Release|Any CPU.ActiveCfg = Release|Any CPU
		{D63DE078-6DB3-4467-B18E-E84D5E201555}.Release|Any CPU.Build.0 = Release|Any CPU
	EndGlobalSection
	GlobalSection(SolutionProperties) = preSolution
		HideSolutionNode = FALSE
	EndGlobalSection
	GlobalSection(ExtensibilityGlobals) = postSolution
		SolutionGuid = {046DF834-0B30-4D71-B01D-CE3D42ADE5A2}
	EndGlobalSection
EndGlobal
