
Microsoft Visual Studio Solution File, Format Version 12.00
# Visual Studio Version 16
VisualStudioVersion = 16.0.31424.327
MinimumVisualStudioVersion = 10.0.40219.1
Project("{FAE04EC0-301F-11D3-BF4B-00C04F79EFBC}") = "Reflection", "Reflection\Reflection.csproj", "{22C07BF5-6CF6-4624-8CD0-2CDCA7287DA7}"
EndProject
Global
	GlobalSection(SolutionConfigurationPlatforms) = preSolution
		Debug|Any CPU = Debug|Any CPU
		Release|Any CPU = Release|Any CPU
	EndGlobalSection
	GlobalSection(ProjectConfigurationPlatforms) = postSolution
		{22C07BF5-6CF6-4624-8CD0-2CDCA7287DA7}.Debug|Any CPU.ActiveCfg = Debug|Any CPU
		{22C07BF5-6CF6-4624-8CD0-2CDCA7287DA7}.Debug|Any CPU.Build.0 = Debug|Any CPU
		{22C07BF5-6CF6-4624-8CD0-2CDCA7287DA7}.Release|Any CPU.ActiveCfg = Release|Any CPU
		{22C07BF5-6CF6-4624-8CD0-2CDCA7287DA7}.Release|Any CPU.Build.0 = Release|Any CPU
	EndGlobalSection
	GlobalSection(SolutionProperties) = preSolution
		HideSolutionNode = FALSE
	EndGlobalSection
	GlobalSection(ExtensibilityGlobals) = postSolution
		SolutionGuid = {D4B5B085-B516-4A58-B79F-7F399DC1A299}
	EndGlobalSection
EndGlobal
